<?xml version="1.0" encoding="utf-8"?>
<Project ToolsVersion="4.0" xmlns="http://schemas.microsoft.com/developer/msbuild/2003">
  <ItemGroup>
    <ClInclude Include="lib\GeneralItem.h" />
    <ClInclude Include="src\ArithmeticExpression.h" />
    <ClInclude Include="src\ArithmeticExpressionException.h" />
    <ClInclude Include="src\CharStat.h" />
  </ItemGroup>
  <ItemGroup>
    <ClCompile Include="src\ArithmeticExpression.cpp" />
    <ClCompile Include="CppCodingChallenge.cpp" />
    <ClCompile Include="main.cpp" />
  </ItemGroup>
</Project>